
Microsoft Visual Studio Solution File, Format Version 12.00
# Visual Studio 15
VisualStudioVersion = 15.0.28307.1169
MinimumVisualStudioVersion = 10.0.40219.1
Project("{FAE04EC0-301F-11D3-BF4B-00C04F79EFBC}") = "Core", "Core\Core.csproj", "{E7F83628-6108-41CF-A649-78563E3D6CE5}"
EndProject
Project("{FAE04EC0-301F-11D3-BF4B-00C04F79EFBC}") = "Core.Tests", "Core.Tests\Core.Tests.csproj", "{776CC715-EBC0-4A23-B463-2D74896C529C}"
EndProject
Global
	GlobalSection(SolutionConfigurationPlatforms) = preSolution
		Debug|Any CPU = Debug|Any CPU
		Release|Any CPU = Release|Any CPU
	EndGlobalSection
	GlobalSection(ProjectConfigurationPlatforms) = postSolution
		{E7F83628-6108-41CF-A649-78563E3D6CE5}.Debug|Any CPU.ActiveCfg = Debug|Any CPU
		{E7F83628-6108-41CF-A649-78563E3D6CE5}.Debug|Any CPU.Build.0 = Debug|Any CPU
		{E7F83628-6108-41CF-A649-78563E3D6CE5}.Release|Any CPU.ActiveCfg = Release|Any CPU
		{E7F83628-6108-41CF-A649-78563E3D6CE5}.Release|Any CPU.Build.0 = Release|Any CPU
		{776CC715-EBC0-4A23-B463-2D74896C529C}.Debug|Any CPU.ActiveCfg = Debug|Any CPU
		{776CC715-EBC0-4A23-B463-2D74896C529C}.Debug|Any CPU.Build.0 = Debug|Any CPU
		{776CC715-EBC0-4A23-B463-2D74896C529C}.Release|Any CPU.ActiveCfg = Release|Any CPU
		{776CC715-EBC0-4A23-B463-2D74896C529C}.Release|Any CPU.Build.0 = Release|Any CPU
	EndGlobalSection
	GlobalSection(SolutionProperties) = preSolution
		HideSolutionNode = FALSE
	EndGlobalSection
	GlobalSection(ExtensibilityGlobals) = postSolution
		SolutionGuid = {30B0BA2B-A377-4027-9611-5FE180A30B19}
	EndGlobalSection
EndGlobal
