
Microsoft Visual Studio Solution File, Format Version 12.00
# Visual Studio Version 16
VisualStudioVersion = 16.0.30717.126
MinimumVisualStudioVersion = 10.0.40219.1
Project("{9A19103F-16F7-4668-BE54-9A1E7A4F7556}") = "Core", "Core\Core.csproj", "{E7F83628-6108-41CF-A649-78563E3D6CE5}"
EndProject
Project("{9A19103F-16F7-4668-BE54-9A1E7A4F7556}") = "Core.Tests", "Core.Tests\Core.Tests.csproj", "{776CC715-EBC0-4A23-B463-2D74896C529C}"
EndProject
Project("{FAE04EC0-301F-11D3-BF4B-00C04F79EFBC}") = "RouteFinder.ConsoleApp", "RouteFinder.ConsoleApp\RouteFinder.ConsoleApp.csproj", "{94B849B4-1947-45FE-946E-421FED4BDAE1}"
EndProject
Global
	GlobalSection(SolutionConfigurationPlatforms) = preSolution
		Debug|Any CPU = Debug|Any CPU
		Release|Any CPU = Release|Any CPU
	EndGlobalSection
	GlobalSection(ProjectConfigurationPlatforms) = postSolution
		{E7F83628-6108-41CF-A649-78563E3D6CE5}.Debug|Any CPU.ActiveCfg = Debug|Any CPU
		{E7F83628-6108-41CF-A649-78563E3D6CE5}.Debug|Any CPU.Build.0 = Debug|Any CPU
		{E7F83628-6108-41CF-A649-78563E3D6CE5}.Release|Any CPU.ActiveCfg = Release|Any CPU
		{E7F83628-6108-41CF-A649-78563E3D6CE5}.Release|Any CPU.Build.0 = Release|Any CPU
		{776CC715-EBC0-4A23-B463-2D74896C529C}.Debug|Any CPU.ActiveCfg = Debug|Any CPU
		{776CC715-EBC0-4A23-B463-2D74896C529C}.Debug|Any CPU.Build.0 = Debug|Any CPU
		{776CC715-EBC0-4A23-B463-2D74896C529C}.Release|Any CPU.ActiveCfg = Release|Any CPU
		{776CC715-EBC0-4A23-B463-2D74896C529C}.Release|Any CPU.Build.0 = Release|Any CPU
		{94B849B4-1947-45FE-946E-421FED4BDAE1}.Debug|Any CPU.ActiveCfg = Debug|Any CPU
		{94B849B4-1947-45FE-946E-421FED4BDAE1}.Debug|Any CPU.Build.0 = Debug|Any CPU
		{94B849B4-1947-45FE-946E-421FED4BDAE1}.Release|Any CPU.ActiveCfg = Release|Any CPU
		{94B849B4-1947-45FE-946E-421FED4BDAE1}.Release|Any CPU.Build.0 = Release|Any CPU
	EndGlobalSection
	GlobalSection(SolutionProperties) = preSolution
		HideSolutionNode = FALSE
	EndGlobalSection
	GlobalSection(ExtensibilityGlobals) = postSolution
		SolutionGuid = {30B0BA2B-A377-4027-9611-5FE180A30B19}
	EndGlobalSection
EndGlobal
